{
  "name": "@hafizuddin/rspack-plugins",
  "version": "0.1.0",
  "lockfileVersion": 3,
  "requires": true,
  "packages": {
    "": {
      "name": "@hafizuddin/rspack-plugins",
      "version": "0.1.0",
      "license": "MIT",
      "dependencies": {
        "lightningcss": "^1.24.1"
      },
      "devDependencies": {
        "prettier": "^3.2.5"
      },
      "peerDependencies": {
        "@swc/core": "^1.4.8",
        "webpack-sources": "^3.2.3"
      }
    },
    "node_modules/@swc/core": {
      "version": "1.4.8",
      "resolved": "https://registry.npmjs.org/@swc/core/-/core-1.4.8.tgz",
      "integrity": "sha512-uY2RSJcFPgNOEg12RQZL197LZX+MunGiKxsbxmh22VfVxrOYGRvh4mPANFlrD1yb38CgmW1wI6YgIi8LkIwmWg==",
      "hasInstallScript": true,
      "peer": true,
      "dependencies": {
        "@swc/counter": "^0.1.2",
        "@swc/types": "^0.1.5"
      },
      "engines": {
        "node": ">=10"
      },
      "funding": {
        "type": "opencollective",
        "url": "https://opencollective.com/swc"
      },
      "optionalDependencies": {
        "@swc/core-darwin-arm64": "1.4.8",
        "@swc/core-darwin-x64": "1.4.8",
        "@swc/core-linux-arm-gnueabihf": "1.4.8",
        "@swc/core-linux-arm64-gnu": "1.4.8",
        "@swc/core-linux-arm64-musl": "1.4.8",
        "@swc/core-linux-x64-gnu": "1.4.8",
        "@swc/core-linux-x64-musl": "1.4.8",
        "@swc/core-win32-arm64-msvc": "1.4.8",
        "@swc/core-win32-ia32-msvc": "1.4.8",
        "@swc/core-win32-x64-msvc": "1.4.8"
      },
      "peerDependencies": {
        "@swc/helpers": "^0.5.0"
      },
      "peerDependenciesMeta": {
        "@swc/helpers": {
          "optional": true
        }
      }
    },
    "node_modules/@swc/core-darwin-arm64": {
      "version": "1.4.8",
      "resolved": "https://registry.npmjs.org/@swc/core-darwin-arm64/-/core-darwin-arm64-1.4.8.tgz",
      "integrity": "sha512-hhQCffRTgzpTIbngSnC30vV6IJVTI9FFBF954WEsshsecVoCGFiMwazBbrkLG+RwXENTrMhgeREEFh6R3KRgKQ==",
      "cpu": [
        "arm64"
      ],
      "optional": true,
      "os": [
        "darwin"
      ],
      "peer": true,
      "engines": {
        "node": ">=10"
      }
    },
    "node_modules/@swc/core-darwin-x64": {
      "version": "1.4.8",
      "resolved": "https://registry.npmjs.org/@swc/core-darwin-x64/-/core-darwin-x64-1.4.8.tgz",
      "integrity": "sha512-P3ZBw8Jr8rKhY/J8d+6WqWriqngGTgHwtFeJ8MIakQJTbdYbFgXSZxcvDiERg3psbGeFXaUaPI0GO6BXv9k/OQ==",
      "cpu": [
        "x64"
      ],
      "optional": true,
      "os": [
        "darwin"
      ],
      "peer": true,
      "engines": {
        "node": ">=10"
      }
    },
    "node_modules/@swc/core-linux-arm-gnueabihf": {
      "version": "1.4.8",
      "resolved": "https://registry.npmjs.org/@swc/core-linux-arm-gnueabihf/-/core-linux-arm-gnueabihf-1.4.8.tgz",
      "integrity": "sha512-PP9JIJt19bUWhAGcQW6qMwTjZOcMyzkvZa0/LWSlDm0ORYVLmDXUoeQbGD3e0Zju9UiZxyulnpjEN0ZihJgPTA==",
      "cpu": [
        "arm"
      ],
      "optional": true,
      "os": [
        "linux"
      ],
      "peer": true,
      "engines": {
        "node": ">=10"
      }
    },
    "node_modules/@swc/core-linux-arm64-gnu": {
      "version": "1.4.8",
      "resolved": "https://registry.npmjs.org/@swc/core-linux-arm64-gnu/-/core-linux-arm64-gnu-1.4.8.tgz",
      "integrity": "sha512-HvEWnwKHkoVUr5iftWirTApFJ13hGzhAY2CMw4lz9lur2m+zhPviRRED0FCI6T95Knpv7+8eUOr98Z7ctrG6DQ==",
      "cpu": [
        "arm64"
      ],
      "optional": true,
      "os": [
        "linux"
      ],
      "peer": true,
      "engines": {
        "node": ">=10"
      }
    },
    "node_modules/@swc/core-linux-arm64-musl": {
      "version": "1.4.8",
      "resolved": "https://registry.npmjs.org/@swc/core-linux-arm64-musl/-/core-linux-arm64-musl-1.4.8.tgz",
      "integrity": "sha512-kY8+qa7k/dEeBq9p0Hrta18QnJPpsiJvDQSLNaTIFpdM3aEM9zbkshWz8gaX5VVGUEALowCBUWqmzO4VaqM+2w==",
      "cpu": [
        "arm64"
      ],
      "optional": true,
      "os": [
        "linux"
      ],
      "peer": true,
      "engines": {
        "node": ">=10"
      }
    },
    "node_modules/@swc/core-linux-x64-gnu": {
      "version": "1.4.8",
      "resolved": "https://registry.npmjs.org/@swc/core-linux-x64-gnu/-/core-linux-x64-gnu-1.4.8.tgz",
      "integrity": "sha512-0WWyIw432wpO/zeGblwq4f2YWam4pn8Z/Ig4KzHMgthR/KmiLU3f0Z7eo45eVmq5vcU7Os1zi/Zb65OOt09q/w==",
      "cpu": [
        "x64"
      ],
      "optional": true,
      "os": [
        "linux"
      ],
      "peer": true,
      "engines": {
        "node": ">=10"
      }
    },
    "node_modules/@swc/core-linux-x64-musl": {
      "version": "1.4.8",
      "resolved": "https://registry.npmjs.org/@swc/core-linux-x64-musl/-/core-linux-x64-musl-1.4.8.tgz",
      "integrity": "sha512-p4yxvVS05rBNCrBaSTa20KK88vOwtg8ifTW7ec/yoab0bD5EwzzB8KbDmLLxE6uziFa0sdjF0dfRDwSZPex37Q==",
      "cpu": [
        "x64"
      ],
      "optional": true,
      "os": [
        "linux"
      ],
      "peer": true,
      "engines": {
        "node": ">=10"
      }
    },
    "node_modules/@swc/core-win32-arm64-msvc": {
      "version": "1.4.8",
      "resolved": "https://registry.npmjs.org/@swc/core-win32-arm64-msvc/-/core-win32-arm64-msvc-1.4.8.tgz",
      "integrity": "sha512-jKuXihxAaqUnbFfvPxtmxjdJfs87F1GdBf33il+VUmSyWCP4BE6vW+/ReDAe8sRNsKyrZ3UH1vI5q1n64csBUA==",
      "cpu": [
        "arm64"
      ],
      "optional": true,
      "os": [
        "win32"
      ],
      "peer": true,
      "engines": {
        "node": ">=10"
      }
    },
    "node_modules/@swc/core-win32-ia32-msvc": {
      "version": "1.4.8",
      "resolved": "https://registry.npmjs.org/@swc/core-win32-ia32-msvc/-/core-win32-ia32-msvc-1.4.8.tgz",
      "integrity": "sha512-O0wT4AGHrX8aBeH6c2ADMHgagAJc5Kf6W48U5moyYDAkkVnKvtSc4kGhjWhe1Yl0sI0cpYh2In2FxvYsb44eWw==",
      "cpu": [
        "ia32"
      ],
      "optional": true,
      "os": [
        "win32"
      ],
      "peer": true,
      "engines": {
        "node": ">=10"
      }
    },
    "node_modules/@swc/core-win32-x64-msvc": {
      "version": "1.4.8",
      "resolved": "https://registry.npmjs.org/@swc/core-win32-x64-msvc/-/core-win32-x64-msvc-1.4.8.tgz",
      "integrity": "sha512-C2AYc3A2o+ECciqsJWRgIpp83Vk5EaRzHe7ed/xOWzVd0MsWR+fweEsyOjlmzHfpUxJSi46Ak3/BIZJlhZbXbg==",
      "cpu": [
        "x64"
      ],
      "optional": true,
      "os": [
        "win32"
      ],
      "peer": true,
      "engines": {
        "node": ">=10"
      }
    },
    "node_modules/@swc/counter": {
      "version": "0.1.3",
      "resolved": "https://registry.npmjs.org/@swc/counter/-/counter-0.1.3.tgz",
      "integrity": "sha512-e2BR4lsJkkRlKZ/qCHPw9ZaSxc0MVUd7gtbtaB7aMvHeJVYe8sOB8DBZkP2DtISHGSku9sCK6T6cnY0CtXrOCQ==",
      "peer": true
    },
    "node_modules/@swc/types": {
      "version": "0.1.6",
      "resolved": "https://registry.npmjs.org/@swc/types/-/types-0.1.6.tgz",
      "integrity": "sha512-/JLo/l2JsT/LRd80C3HfbmVpxOAJ11FO2RCEslFrgzLltoP9j8XIbsyDcfCt2WWyX+CM96rBoNM+IToAkFOugg==",
      "peer": true,
      "dependencies": {
        "@swc/counter": "^0.1.3"
      }
    },
    "node_modules/detect-libc": {
      "version": "1.0.3",
      "resolved": "https://registry.npmjs.org/detect-libc/-/detect-libc-1.0.3.tgz",
      "integrity": "sha512-pGjwhsmsp4kL2RTz08wcOlGN83otlqHeD/Z5T8GXZB+/YcpQ/dgo+lbU8ZsGxV0HIvqqxo9l7mqYwyYMD9bKDg==",
      "bin": {
        "detect-libc": "bin/detect-libc.js"
      },
      "engines": {
        "node": ">=0.10"
      }
    },
    "node_modules/lightningcss": {
      "version": "1.24.1",
      "resolved": "https://registry.npmjs.org/lightningcss/-/lightningcss-1.24.1.tgz",
      "integrity": "sha512-kUpHOLiH5GB0ERSv4pxqlL0RYKnOXtgGtVe7shDGfhS0AZ4D1ouKFYAcLcZhql8aMspDNzaUCumGHZ78tb2fTg==",
      "dependencies": {
        "detect-libc": "^1.0.3"
      },
      "engines": {
        "node": ">= 12.0.0"
      },
      "funding": {
        "type": "opencollective",
        "url": "https://opencollective.com/parcel"
      },
      "optionalDependencies": {
        "lightningcss-darwin-arm64": "1.24.1",
        "lightningcss-darwin-x64": "1.24.1",
        "lightningcss-freebsd-x64": "1.24.1",
        "lightningcss-linux-arm-gnueabihf": "1.24.1",
        "lightningcss-linux-arm64-gnu": "1.24.1",
        "lightningcss-linux-arm64-musl": "1.24.1",
        "lightningcss-linux-x64-gnu": "1.24.1",
        "lightningcss-linux-x64-musl": "1.24.1",
        "lightningcss-win32-x64-msvc": "1.24.1"
      }
    },
    "node_modules/lightningcss-darwin-arm64": {
      "version": "1.24.1",
      "resolved": "https://registry.npmjs.org/lightningcss-darwin-arm64/-/lightningcss-darwin-arm64-1.24.1.tgz",
      "integrity": "sha512-1jQ12jBy+AE/73uGQWGSafK5GoWgmSiIQOGhSEXiFJSZxzV+OXIx+a9h2EYHxdJfX864M+2TAxWPWb0Vv+8y4w==",
      "cpu": [
        "arm64"
      ],
      "optional": true,
      "os": [
        "darwin"
      ],
      "engines": {
        "node": ">= 12.0.0"
      },
      "funding": {
        "type": "opencollective",
        "url": "https://opencollective.com/parcel"
      }
    },
    "node_modules/lightningcss-darwin-x64": {
      "version": "1.24.1",
      "resolved": "https://registry.npmjs.org/lightningcss-darwin-x64/-/lightningcss-darwin-x64-1.24.1.tgz",
      "integrity": "sha512-R4R1d7VVdq2mG4igMU+Di8GPf0b64ZLnYVkubYnGG0Qxq1KaXQtAzcLI43EkpnoWvB/kUg8JKCWH4S13NfiLcQ==",
      "cpu": [
        "x64"
      ],
      "optional": true,
      "os": [
        "darwin"
      ],
      "engines": {
        "node": ">= 12.0.0"
      },
      "funding": {
        "type": "opencollective",
        "url": "https://opencollective.com/parcel"
      }
    },
    "node_modules/lightningcss-freebsd-x64": {
      "version": "1.24.1",
      "resolved": "https://registry.npmjs.org/lightningcss-freebsd-x64/-/lightningcss-freebsd-x64-1.24.1.tgz",
      "integrity": "sha512-z6NberUUw5ALES6Ixn2shmjRRrM1cmEn1ZQPiM5IrZ6xHHL5a1lPin9pRv+w6eWfcrEo+qGG6R9XfJrpuY3e4g==",
      "cpu": [
        "x64"
      ],
      "optional": true,
      "os": [
        "freebsd"
      ],
      "engines": {
        "node": ">= 12.0.0"
      },
      "funding": {
        "type": "opencollective",
        "url": "https://opencollective.com/parcel"
      }
    },
    "node_modules/lightningcss-linux-arm-gnueabihf": {
      "version": "1.24.1",
      "resolved": "https://registry.npmjs.org/lightningcss-linux-arm-gnueabihf/-/lightningcss-linux-arm-gnueabihf-1.24.1.tgz",
      "integrity": "sha512-NLQLnBQW/0sSg74qLNI8F8QKQXkNg4/ukSTa+XhtkO7v3BnK19TS1MfCbDHt+TTdSgNEBv0tubRuapcKho2EWw==",
      "cpu": [
        "arm"
      ],
      "optional": true,
      "os": [
        "linux"
      ],
      "engines": {
        "node": ">= 12.0.0"
      },
      "funding": {
        "type": "opencollective",
        "url": "https://opencollective.com/parcel"
      }
    },
    "node_modules/lightningcss-linux-arm64-gnu": {
      "version": "1.24.1",
      "resolved": "https://registry.npmjs.org/lightningcss-linux-arm64-gnu/-/lightningcss-linux-arm64-gnu-1.24.1.tgz",
      "integrity": "sha512-AQxWU8c9E9JAjAi4Qw9CvX2tDIPjgzCTrZCSXKELfs4mCwzxRkHh2RCxX8sFK19RyJoJAjA/Kw8+LMNRHS5qEg==",
      "cpu": [
        "arm64"
      ],
      "optional": true,
      "os": [
        "linux"
      ],
      "engines": {
        "node": ">= 12.0.0"
      },
      "funding": {
        "type": "opencollective",
        "url": "https://opencollective.com/parcel"
      }
    },
    "node_modules/lightningcss-linux-arm64-musl": {
      "version": "1.24.1",
      "resolved": "https://registry.npmjs.org/lightningcss-linux-arm64-musl/-/lightningcss-linux-arm64-musl-1.24.1.tgz",
      "integrity": "sha512-JCgH/SrNrhqsguUA0uJUM1PvN5+dVuzPIlXcoWDHSv2OU/BWlj2dUYr3XNzEw748SmNZPfl2NjQrAdzaPOn1lA==",
      "cpu": [
        "arm64"
      ],
      "optional": true,
      "os": [
        "linux"
      ],
      "engines": {
        "node": ">= 12.0.0"
      },
      "funding": {
        "type": "opencollective",
        "url": "https://opencollective.com/parcel"
      }
    },
    "node_modules/lightningcss-linux-x64-gnu": {
      "version": "1.24.1",
      "resolved": "https://registry.npmjs.org/lightningcss-linux-x64-gnu/-/lightningcss-linux-x64-gnu-1.24.1.tgz",
      "integrity": "sha512-TYdEsC63bHV0h47aNRGN3RiK7aIeco3/keN4NkoSQ5T8xk09KHuBdySltWAvKLgT8JvR+ayzq8ZHnL1wKWY0rw==",
      "cpu": [
        "x64"
      ],
      "optional": true,
      "os": [
        "linux"
      ],
      "engines": {
        "node": ">= 12.0.0"
      },
      "funding": {
        "type": "opencollective",
        "url": "https://opencollective.com/parcel"
      }
    },
    "node_modules/lightningcss-linux-x64-musl": {
      "version": "1.24.1",
      "resolved": "https://registry.npmjs.org/lightningcss-linux-x64-musl/-/lightningcss-linux-x64-musl-1.24.1.tgz",
      "integrity": "sha512-HLfzVik3RToot6pQ2Rgc3JhfZkGi01hFetHt40HrUMoeKitLoqUUT5owM6yTZPTytTUW9ukLBJ1pc3XNMSvlLw==",
      "cpu": [
        "x64"
      ],
      "optional": true,
      "os": [
        "linux"
      ],
      "engines": {
        "node": ">= 12.0.0"
      },
      "funding": {
        "type": "opencollective",
        "url": "https://opencollective.com/parcel"
      }
    },
    "node_modules/lightningcss-win32-x64-msvc": {
      "version": "1.24.1",
      "resolved": "https://registry.npmjs.org/lightningcss-win32-x64-msvc/-/lightningcss-win32-x64-msvc-1.24.1.tgz",
      "integrity": "sha512-joEupPjYJ7PjZtDsS5lzALtlAudAbgIBMGJPNeFe5HfdmJXFd13ECmEM+5rXNxYVMRHua2w8132R6ab5Z6K9Ow==",
      "cpu": [
        "x64"
      ],
      "optional": true,
      "os": [
        "win32"
      ],
      "engines": {
        "node": ">= 12.0.0"
      },
      "funding": {
        "type": "opencollective",
        "url": "https://opencollective.com/parcel"
      }
    },
    "node_modules/prettier": {
      "version": "3.2.5",
      "resolved": "https://registry.npmjs.org/prettier/-/prettier-3.2.5.tgz",
      "integrity": "sha512-3/GWa9aOC0YeD7LUfvOG2NiDyhOWRvt1k+rcKhOuYnMY24iiCphgneUfJDyFXd6rZCAnuLBv6UeAULtrhT/F4A==",
      "dev": true,
      "bin": {
        "prettier": "bin/prettier.cjs"
      },
      "engines": {
        "node": ">=14"
      },
      "funding": {
        "url": "https://github.com/prettier/prettier?sponsor=1"
      }
    },
    "node_modules/webpack-sources": {
      "version": "3.2.3",
      "resolved": "https://registry.npmjs.org/webpack-sources/-/webpack-sources-3.2.3.tgz",
      "integrity": "sha512-/DyMEOrDgLKKIG0fmvtz+4dUX/3Ghozwgm6iPp8KRhvn+eQf9+Q7GWxVNMk3+uCPWfdXYC4ExGBckIXdFEfH1w==",
      "peer": true,
      "engines": {
        "node": ">=10.13.0"
      }
    }
  }
}
